
Microsoft Visual Studio Solution File, Format Version 12.00
# Visual Studio Version 16
VisualStudioVersion = 16.0.31025.194
MinimumVisualStudioVersion = 10.0.40219.1
Project("{FAE04EC0-301F-11D3-BF4B-00C04F79EFBC}") = "HelloLih", "HelloLih.csproj", "{FACB3891-1E54-42EC-89B7-F9A852924940}"
EndProject
Global
	GlobalSection(SolutionConfigurationPlatforms) = preSolution
		Debug|Any CPU = Debug|Any CPU
		Release|Any CPU = Release|Any CPU
	EndGlobalSection
	GlobalSection(ProjectConfigurationPlatforms) = postSolution
		{FACB3891-1E54-42EC-89B7-F9A852924940}.Debug|Any CPU.ActiveCfg = Debug|Any CPU
		{FACB3891-1E54-42EC-89B7-F9A852924940}.Debug|Any CPU.Build.0 = Debug|Any CPU
		{FACB3891-1E54-42EC-89B7-F9A852924940}.Release|Any CPU.ActiveCfg = Release|Any CPU
		{FACB3891-1E54-42EC-89B7-F9A852924940}.Release|Any CPU.Build.0 = Release|Any CPU
	EndGlobalSection
	GlobalSection(SolutionProperties) = preSolution
		HideSolutionNode = FALSE
	EndGlobalSection
	GlobalSection(ExtensibilityGlobals) = postSolution
		SolutionGuid = {900886DE-F03C-44CF-B70D-47B40F71FF43}
	EndGlobalSection
EndGlobal
